
Microsoft Visual Studio Solution File, Format Version 12.00
# Visual Studio 2015
Project("{FAE04EC0-301F-11D3-BF4B-00C04F79EFBC}") = "ModelTest", "ModelTest.csproj", "{660826AD-FA5B-BB39-E4E3-4C9A02135D62}"
EndProject
Project("{FAE04EC0-301F-11D3-BF4B-00C04F79EFBC}") = "ModelTest.Editor.Plugins", "ModelTest.Editor.Plugins.csproj", "{1A2058F9-ECD5-1354-852E-80A1567C0192}"
EndProject
Project("{FAE04EC0-301F-11D3-BF4B-00C04F79EFBC}") = "ModelTest.Editor", "ModelTest.Editor.csproj", "{891E7475-BCC7-5182-2CA2-EA9F9DD68B58}"
EndProject
Project("{FAE04EC0-301F-11D3-BF4B-00C04F79EFBC}") = "ModelTest.Plugins", "ModelTest.Plugins.csproj", "{7DE1BE41-4516-0956-FFBB-925E26C97801}"
EndProject
Global
	GlobalSection(SolutionConfigurationPlatforms) = preSolution
		Debug|Any CPU = Debug|Any CPU
		Release|Any CPU = Release|Any CPU
	EndGlobalSection
	GlobalSection(ProjectConfigurationPlatforms) = postSolution
		{660826AD-FA5B-BB39-E4E3-4C9A02135D62}.Debug|Any CPU.ActiveCfg = Debug|Any CPU
		{660826AD-FA5B-BB39-E4E3-4C9A02135D62}.Debug|Any CPU.Build.0 = Debug|Any CPU
		{660826AD-FA5B-BB39-E4E3-4C9A02135D62}.Release|Any CPU.ActiveCfg = Release|Any CPU
		{660826AD-FA5B-BB39-E4E3-4C9A02135D62}.Release|Any CPU.Build.0 = Release|Any CPU
		{1A2058F9-ECD5-1354-852E-80A1567C0192}.Debug|Any CPU.ActiveCfg = Debug|Any CPU
		{1A2058F9-ECD5-1354-852E-80A1567C0192}.Debug|Any CPU.Build.0 = Debug|Any CPU
		{1A2058F9-ECD5-1354-852E-80A1567C0192}.Release|Any CPU.ActiveCfg = Release|Any CPU
		{1A2058F9-ECD5-1354-852E-80A1567C0192}.Release|Any CPU.Build.0 = Release|Any CPU
		{891E7475-BCC7-5182-2CA2-EA9F9DD68B58}.Debug|Any CPU.ActiveCfg = Debug|Any CPU
		{891E7475-BCC7-5182-2CA2-EA9F9DD68B58}.Debug|Any CPU.Build.0 = Debug|Any CPU
		{891E7475-BCC7-5182-2CA2-EA9F9DD68B58}.Release|Any CPU.ActiveCfg = Release|Any CPU
		{891E7475-BCC7-5182-2CA2-EA9F9DD68B58}.Release|Any CPU.Build.0 = Release|Any CPU
		{7DE1BE41-4516-0956-FFBB-925E26C97801}.Debug|Any CPU.ActiveCfg = Debug|Any CPU
		{7DE1BE41-4516-0956-FFBB-925E26C97801}.Debug|Any CPU.Build.0 = Debug|Any CPU
		{7DE1BE41-4516-0956-FFBB-925E26C97801}.Release|Any CPU.ActiveCfg = Release|Any CPU
		{7DE1BE41-4516-0956-FFBB-925E26C97801}.Release|Any CPU.Build.0 = Release|Any CPU
	EndGlobalSection
	GlobalSection(SolutionProperties) = preSolution
		HideSolutionNode = FALSE
	EndGlobalSection
EndGlobal
